
Microsoft Visual Studio Solution File, Format Version 12.00
# Visual Studio 15
VisualStudioVersion = 15.0.28307.1169
MinimumVisualStudioVersion = 10.0.40219.1
Project("{FAE04EC0-301F-11D3-BF4B-00C04F79EFBC}") = "MarvelHeroes.Android", "MarvelHeroes\MarvelHeroes.Android\MarvelHeroes.Android.csproj", "{24AB2DB3-1BE5-429A-A533-34F23596BD0C}"
EndProject
Project("{FAE04EC0-301F-11D3-BF4B-00C04F79EFBC}") = "MarvelHeroes.iOS", "MarvelHeroes\MarvelHeroes.iOS\MarvelHeroes.iOS.csproj", "{FECF9998-8B19-443A-81FE-D0BCC62637ED}"
EndProject
Project("{FAE04EC0-301F-11D3-BF4B-00C04F79EFBC}") = "MarvelHeroes.UWP", "MarvelHeroes\MarvelHeroes.UWP\MarvelHeroes.UWP.csproj", "{3D41BF37-EAF6-4643-BB62-2F13C64BCB3C}"
EndProject
Project("{FAE04EC0-301F-11D3-BF4B-00C04F79EFBC}") = "MarvelHeroes", "MarvelHeroes\MarvelHeroes\MarvelHeroes.csproj", "{0882D242-1E69-4262-A676-4D1F21CD1C08}"
EndProject
Global
	GlobalSection(SolutionConfigurationPlatforms) = preSolution
		Ad-Hoc|Any CPU = Ad-Hoc|Any CPU
		Ad-Hoc|ARM = Ad-Hoc|ARM
		Ad-Hoc|iPhone = Ad-Hoc|iPhone
		Ad-Hoc|iPhoneSimulator = Ad-Hoc|iPhoneSimulator
		Ad-Hoc|x64 = Ad-Hoc|x64
		Ad-Hoc|x86 = Ad-Hoc|x86
		AppStore|Any CPU = AppStore|Any CPU
		AppStore|ARM = AppStore|ARM
		AppStore|iPhone = AppStore|iPhone
		AppStore|iPhoneSimulator = AppStore|iPhoneSimulator
		AppStore|x64 = AppStore|x64
		AppStore|x86 = AppStore|x86
		Debug|Any CPU = Debug|Any CPU
		Debug|ARM = Debug|ARM
		Debug|iPhone = Debug|iPhone
		Debug|iPhoneSimulator = Debug|iPhoneSimulator
		Debug|x64 = Debug|x64
		Debug|x86 = Debug|x86
		Release|Any CPU = Release|Any CPU
		Release|ARM = Release|ARM
		Release|iPhone = Release|iPhone
		Release|iPhoneSimulator = Release|iPhoneSimulator
		Release|x64 = Release|x64
		Release|x86 = Release|x86
	EndGlobalSection
	GlobalSection(ProjectConfigurationPlatforms) = postSolution
		{24AB2DB3-1BE5-429A-A533-34F23596BD0C}.Ad-Hoc|Any CPU.ActiveCfg = Release|Any CPU
		{24AB2DB3-1BE5-429A-A533-34F23596BD0C}.Ad-Hoc|Any CPU.Build.0 = Release|Any CPU
		{24AB2DB3-1BE5-429A-A533-34F23596BD0C}.Ad-Hoc|Any CPU.Deploy.0 = Release|Any CPU
		{24AB2DB3-1BE5-429A-A533-34F23596BD0C}.Ad-Hoc|ARM.ActiveCfg = Release|Any CPU
		{24AB2DB3-1BE5-429A-A533-34F23596BD0C}.Ad-Hoc|ARM.Build.0 = Release|Any CPU
		{24AB2DB3-1BE5-429A-A533-34F23596BD0C}.Ad-Hoc|ARM.Deploy.0 = Release|Any CPU
		{24AB2DB3-1BE5-429A-A533-34F23596BD0C}.Ad-Hoc|iPhone.ActiveCfg = Release|Any CPU
		{24AB2DB3-1BE5-429A-A533-34F23596BD0C}.Ad-Hoc|iPhone.Build.0 = Release|Any CPU
		{24AB2DB3-1BE5-429A-A533-34F23596BD0C}.Ad-Hoc|iPhone.Deploy.0 = Release|Any CPU
		{24AB2DB3-1BE5-429A-A533-34F23596BD0C}.Ad-Hoc|iPhoneSimulator.ActiveCfg = Release|Any CPU
		{24AB2DB3-1BE5-429A-A533-34F23596BD0C}.Ad-Hoc|iPhoneSimulator.Build.0 = Release|Any CPU
		{24AB2DB3-1BE5-429A-A533-34F23596BD0C}.Ad-Hoc|iPhoneSimulator.Deploy.0 = Release|Any CPU
		{24AB2DB3-1BE5-429A-A533-34F23596BD0C}.Ad-Hoc|x64.ActiveCfg = Release|Any CPU
		{24AB2DB3-1BE5-429A-A533-34F23596BD0C}.Ad-Hoc|x64.Build.0 = Release|Any CPU
		{24AB2DB3-1BE5-429A-A533-34F23596BD0C}.Ad-Hoc|x64.Deploy.0 = Release|Any CPU
		{24AB2DB3-1BE5-429A-A533-34F23596BD0C}.Ad-Hoc|x86.ActiveCfg = Release|Any CPU
		{24AB2DB3-1BE5-429A-A533-34F23596BD0C}.Ad-Hoc|x86.Build.0 = Release|Any CPU
		{24AB2DB3-1BE5-429A-A533-34F23596BD0C}.Ad-Hoc|x86.Deploy.0 = Release|Any CPU
		{24AB2DB3-1BE5-429A-A533-34F23596BD0C}.AppStore|Any CPU.ActiveCfg = Release|Any CPU
		{24AB2DB3-1BE5-429A-A533-34F23596BD0C}.AppStore|Any CPU.Build.0 = Release|Any CPU
		{24AB2DB3-1BE5-429A-A533-34F23596BD0C}.AppStore|Any CPU.Deploy.0 = Release|Any CPU
		{24AB2DB3-1BE5-429A-A533-34F23596BD0C}.AppStore|ARM.ActiveCfg = Release|Any CPU
		{24AB2DB3-1BE5-429A-A533-34F23596BD0C}.AppStore|ARM.Build.0 = Release|Any CPU
		{24AB2DB3-1BE5-429A-A533-34F23596BD0C}.AppStore|ARM.Deploy.0 = Release|Any CPU
		{24AB2DB3-1BE5-429A-A533-34F23596BD0C}.AppStore|iPhone.ActiveCfg = Release|Any CPU
		{24AB2DB3-1BE5-429A-A533-34F23596BD0C}.AppStore|iPhone.Build.0 = Release|Any CPU
		{24AB2DB3-1BE5-429A-A533-34F23596BD0C}.AppStore|iPhone.Deploy.0 = Release|Any CPU
		{24AB2DB3-1BE5-429A-A533-34F23596BD0C}.AppStore|iPhoneSimulator.ActiveCfg = Release|Any CPU
		{24AB2DB3-1BE5-429A-A533-34F23596BD0C}.AppStore|iPhoneSimulator.Build.0 = Release|Any CPU
		{24AB2DB3-1BE5-429A-A533-34F23596BD0C}.AppStore|iPhoneSimulator.Deploy.0 = Release|Any CPU
		{24AB2DB3-1BE5-429A-A533-34F23596BD0C}.AppStore|x64.ActiveCfg = Release|Any CPU
		{24AB2DB3-1BE5-429A-A533-34F23596BD0C}.AppStore|x64.Build.0 = Release|Any CPU
		{24AB2DB3-1BE5-429A-A533-34F23596BD0C}.AppStore|x64.Deploy.0 = Release|Any CPU
		{24AB2DB3-1BE5-429A-A533-34F23596BD0C}.AppStore|x86.ActiveCfg = Release|Any CPU
		{24AB2DB3-1BE5-429A-A533-34F23596BD0C}.AppStore|x86.Build.0 = Release|Any CPU
		{24AB2DB3-1BE5-429A-A533-34F23596BD0C}.AppStore|x86.Deploy.0 = Release|Any CPU
		{24AB2DB3-1BE5-429A-A533-34F23596BD0C}.Debug|Any CPU.ActiveCfg = Debug|Any CPU
		{24AB2DB3-1BE5-429A-A533-34F23596BD0C}.Debug|Any CPU.Build.0 = Debug|Any CPU
		{24AB2DB3-1BE5-429A-A533-34F23596BD0C}.Debug|Any CPU.Deploy.0 = Debug|Any CPU
		{24AB2DB3-1BE5-429A-A533-34F23596BD0C}.Debug|ARM.ActiveCfg = Debug|Any CPU
		{24AB2DB3-1BE5-429A-A533-34F23596BD0C}.Debug|ARM.Build.0 = Debug|Any CPU
		{24AB2DB3-1BE5-429A-A533-34F23596BD0C}.Debug|ARM.Deploy.0 = Debug|Any CPU
		{24AB2DB3-1BE5-429A-A533-34F23596BD0C}.Debug|iPhone.ActiveCfg = Debug|Any CPU
		{24AB2DB3-1BE5-429A-A533-34F23596BD0C}.Debug|iPhone.Build.0 = Debug|Any CPU
		{24AB2DB3-1BE5-429A-A533-34F23596BD0C}.Debug|iPhone.Deploy.0 = Debug|Any CPU
		{24AB2DB3-1BE5-429A-A533-34F23596BD0C}.Debug|iPhoneSimulator.ActiveCfg = Debug|Any CPU
		{24AB2DB3-1BE5-429A-A533-34F23596BD0C}.Debug|iPhoneSimulator.Build.0 = Debug|Any CPU
		{24AB2DB3-1BE5-429A-A533-34F23596BD0C}.Debug|iPhoneSimulator.Deploy.0 = Debug|Any CPU
		{24AB2DB3-1BE5-429A-A533-34F23596BD0C}.Debug|x64.ActiveCfg = Debug|Any CPU
		{24AB2DB3-1BE5-429A-A533-34F23596BD0C}.Debug|x64.Build.0 = Debug|Any CPU
		{24AB2DB3-1BE5-429A-A533-34F23596BD0C}.Debug|x64.Deploy.0 = Debug|Any CPU
		{24AB2DB3-1BE5-429A-A533-34F23596BD0C}.Debug|x86.ActiveCfg = Debug|Any CPU
		{24AB2DB3-1BE5-429A-A533-34F23596BD0C}.Debug|x86.Build.0 = Debug|Any CPU
		{24AB2DB3-1BE5-429A-A533-34F23596BD0C}.Debug|x86.Deploy.0 = Debug|Any CPU
		{24AB2DB3-1BE5-429A-A533-34F23596BD0C}.Release|Any CPU.ActiveCfg = Release|Any CPU
		{24AB2DB3-1BE5-429A-A533-34F23596BD0C}.Release|Any CPU.Build.0 = Release|Any CPU
		{24AB2DB3-1BE5-429A-A533-34F23596BD0C}.Release|Any CPU.Deploy.0 = Release|Any CPU
		{24AB2DB3-1BE5-429A-A533-34F23596BD0C}.Release|ARM.ActiveCfg = Release|Any CPU
		{24AB2DB3-1BE5-429A-A533-34F23596BD0C}.Release|ARM.Build.0 = Release|Any CPU
		{24AB2DB3-1BE5-429A-A533-34F23596BD0C}.Release|ARM.Deploy.0 = Release|Any CPU
		{24AB2DB3-1BE5-429A-A533-34F23596BD0C}.Release|iPhone.ActiveCfg = Release|Any CPU
		{24AB2DB3-1BE5-429A-A533-34F23596BD0C}.Release|iPhone.Build.0 = Release|Any CPU
		{24AB2DB3-1BE5-429A-A533-34F23596BD0C}.Release|iPhone.Deploy.0 = Release|Any CPU
		{24AB2DB3-1BE5-429A-A533-34F23596BD0C}.Release|iPhoneSimulator.ActiveCfg = Release|Any CPU
		{24AB2DB3-1BE5-429A-A533-34F23596BD0C}.Release|iPhoneSimulator.Build.0 = Release|Any CPU
		{24AB2DB3-1BE5-429A-A533-34F23596BD0C}.Release|iPhoneSimulator.Deploy.0 = Release|Any CPU
		{24AB2DB3-1BE5-429A-A533-34F23596BD0C}.Release|x64.ActiveCfg = Release|Any CPU
		{24AB2DB3-1BE5-429A-A533-34F23596BD0C}.Release|x64.Build.0 = Release|Any CPU
		{24AB2DB3-1BE5-429A-A533-34F23596BD0C}.Release|x64.Deploy.0 = Release|Any CPU
		{24AB2DB3-1BE5-429A-A533-34F23596BD0C}.Release|x86.ActiveCfg = Release|Any CPU
		{24AB2DB3-1BE5-429A-A533-34F23596BD0C}.Release|x86.Build.0 = Release|Any CPU
		{24AB2DB3-1BE5-429A-A533-34F23596BD0C}.Release|x86.Deploy.0 = Release|Any CPU
		{FECF9998-8B19-443A-81FE-D0BCC62637ED}.Ad-Hoc|Any CPU.ActiveCfg = Ad-Hoc|iPhone
		{FECF9998-8B19-443A-81FE-D0BCC62637ED}.Ad-Hoc|Any CPU.Build.0 = Ad-Hoc|iPhone
		{FECF9998-8B19-443A-81FE-D0BCC62637ED}.Ad-Hoc|Any CPU.Deploy.0 = Ad-Hoc|iPhone
		{FECF9998-8B19-443A-81FE-D0BCC62637ED}.Ad-Hoc|ARM.ActiveCfg = Ad-Hoc|iPhone
		{FECF9998-8B19-443A-81FE-D0BCC62637ED}.Ad-Hoc|ARM.Build.0 = Ad-Hoc|iPhone
		{FECF9998-8B19-443A-81FE-D0BCC62637ED}.Ad-Hoc|ARM.Deploy.0 = Ad-Hoc|iPhone
		{FECF9998-8B19-443A-81FE-D0BCC62637ED}.Ad-Hoc|iPhone.ActiveCfg = Ad-Hoc|iPhone
		{FECF9998-8B19-443A-81FE-D0BCC62637ED}.Ad-Hoc|iPhone.Build.0 = Ad-Hoc|iPhone
		{FECF9998-8B19-443A-81FE-D0BCC62637ED}.Ad-Hoc|iPhone.Deploy.0 = Ad-Hoc|iPhone
		{FECF9998-8B19-443A-81FE-D0BCC62637ED}.Ad-Hoc|iPhoneSimulator.ActiveCfg = Ad-Hoc|iPhoneSimulator
		{FECF9998-8B19-443A-81FE-D0BCC62637ED}.Ad-Hoc|iPhoneSimulator.Build.0 = Ad-Hoc|iPhoneSimulator
		{FECF9998-8B19-443A-81FE-D0BCC62637ED}.Ad-Hoc|iPhoneSimulator.Deploy.0 = Ad-Hoc|iPhoneSimulator
		{FECF9998-8B19-443A-81FE-D0BCC62637ED}.Ad-Hoc|x64.ActiveCfg = Ad-Hoc|iPhone
		{FECF9998-8B19-443A-81FE-D0BCC62637ED}.Ad-Hoc|x64.Build.0 = Ad-Hoc|iPhone
		{FECF9998-8B19-443A-81FE-D0BCC62637ED}.Ad-Hoc|x64.Deploy.0 = Ad-Hoc|iPhone
		{FECF9998-8B19-443A-81FE-D0BCC62637ED}.Ad-Hoc|x86.ActiveCfg = Ad-Hoc|iPhone
		{FECF9998-8B19-443A-81FE-D0BCC62637ED}.Ad-Hoc|x86.Build.0 = Ad-Hoc|iPhone
		{FECF9998-8B19-443A-81FE-D0BCC62637ED}.Ad-Hoc|x86.Deploy.0 = Ad-Hoc|iPhone
		{FECF9998-8B19-443A-81FE-D0BCC62637ED}.AppStore|Any CPU.ActiveCfg = AppStore|iPhone
		{FECF9998-8B19-443A-81FE-D0BCC62637ED}.AppStore|Any CPU.Build.0 = AppStore|iPhone
		{FECF9998-8B19-443A-81FE-D0BCC62637ED}.AppStore|Any CPU.Deploy.0 = AppStore|iPhone
		{FECF9998-8B19-443A-81FE-D0BCC62637ED}.AppStore|ARM.ActiveCfg = AppStore|iPhone
		{FECF9998-8B19-443A-81FE-D0BCC62637ED}.AppStore|ARM.Build.0 = AppStore|iPhone
		{FECF9998-8B19-443A-81FE-D0BCC62637ED}.AppStore|ARM.Deploy.0 = AppStore|iPhone
		{FECF9998-8B19-443A-81FE-D0BCC62637ED}.AppStore|iPhone.ActiveCfg = AppStore|iPhone
		{FECF9998-8B19-443A-81FE-D0BCC62637ED}.AppStore|iPhone.Build.0 = AppStore|iPhone
		{FECF9998-8B19-443A-81FE-D0BCC62637ED}.AppStore|iPhone.Deploy.0 = AppStore|iPhone
		{FECF9998-8B19-443A-81FE-D0BCC62637ED}.AppStore|iPhoneSimulator.ActiveCfg = AppStore|iPhoneSimulator
		{FECF9998-8B19-443A-81FE-D0BCC62637ED}.AppStore|iPhoneSimulator.Build.0 = AppStore|iPhoneSimulator
		{FECF9998-8B19-443A-81FE-D0BCC62637ED}.AppStore|iPhoneSimulator.Deploy.0 = AppStore|iPhoneSimulator
		{FECF9998-8B19-443A-81FE-D0BCC62637ED}.AppStore|x64.ActiveCfg = AppStore|iPhone
		{FECF9998-8B19-443A-81FE-D0BCC62637ED}.AppStore|x64.Build.0 = AppStore|iPhone
		{FECF9998-8B19-443A-81FE-D0BCC62637ED}.AppStore|x64.Deploy.0 = AppStore|iPhone
		{FECF9998-8B19-443A-81FE-D0BCC62637ED}.AppStore|x86.ActiveCfg = AppStore|iPhone
		{FECF9998-8B19-443A-81FE-D0BCC62637ED}.AppStore|x86.Build.0 = AppStore|iPhone
		{FECF9998-8B19-443A-81FE-D0BCC62637ED}.AppStore|x86.Deploy.0 = AppStore|iPhone
		{FECF9998-8B19-443A-81FE-D0BCC62637ED}.Debug|Any CPU.ActiveCfg = Debug|iPhoneSimulator
		{FECF9998-8B19-443A-81FE-D0BCC62637ED}.Debug|Any CPU.Build.0 = Debug|iPhoneSimulator
		{FECF9998-8B19-443A-81FE-D0BCC62637ED}.Debug|Any CPU.Deploy.0 = Debug|iPhoneSimulator
		{FECF9998-8B19-443A-81FE-D0BCC62637ED}.Debug|ARM.ActiveCfg = Debug|iPhone
		{FECF9998-8B19-443A-81FE-D0BCC62637ED}.Debug|ARM.Build.0 = Debug|iPhone
		{FECF9998-8B19-443A-81FE-D0BCC62637ED}.Debug|ARM.Deploy.0 = Debug|iPhone
		{FECF9998-8B19-443A-81FE-D0BCC62637ED}.Debug|iPhone.ActiveCfg = Debug|iPhone
		{FECF9998-8B19-443A-81FE-D0BCC62637ED}.Debug|iPhone.Build.0 = Debug|iPhone
		{FECF9998-8B19-443A-81FE-D0BCC62637ED}.Debug|iPhone.Deploy.0 = Debug|iPhone
		{FECF9998-8B19-443A-81FE-D0BCC62637ED}.Debug|iPhoneSimulator.ActiveCfg = Debug|iPhoneSimulator
		{FECF9998-8B19-443A-81FE-D0BCC62637ED}.Debug|iPhoneSimulator.Build.0 = Debug|iPhoneSimulator
		{FECF9998-8B19-443A-81FE-D0BCC62637ED}.Debug|iPhoneSimulator.Deploy.0 = Debug|iPhoneSimulator
		{FECF9998-8B19-443A-81FE-D0BCC62637ED}.Debug|x64.ActiveCfg = Debug|iPhone
		{FECF9998-8B19-443A-81FE-D0BCC62637ED}.Debug|x64.Build.0 = Debug|iPhone
		{FECF9998-8B19-443A-81FE-D0BCC62637ED}.Debug|x64.Deploy.0 = Debug|iPhone
		{FECF9998-8B19-443A-81FE-D0BCC62637ED}.Debug|x86.ActiveCfg = Debug|iPhone
		{FECF9998-8B19-443A-81FE-D0BCC62637ED}.Debug|x86.Build.0 = Debug|iPhone
		{FECF9998-8B19-443A-81FE-D0BCC62637ED}.Debug|x86.Deploy.0 = Debug|iPhone
		{FECF9998-8B19-443A-81FE-D0BCC62637ED}.Release|Any CPU.ActiveCfg = Release|iPhone
		{FECF9998-8B19-443A-81FE-D0BCC62637ED}.Release|Any CPU.Build.0 = Release|iPhone
		{FECF9998-8B19-443A-81FE-D0BCC62637ED}.Release|Any CPU.Deploy.0 = Release|iPhone
		{FECF9998-8B19-443A-81FE-D0BCC62637ED}.Release|ARM.ActiveCfg = Release|iPhone
		{FECF9998-8B19-443A-81FE-D0BCC62637ED}.Release|ARM.Build.0 = Release|iPhone
		{FECF9998-8B19-443A-81FE-D0BCC62637ED}.Release|ARM.Deploy.0 = Release|iPhone
		{FECF9998-8B19-443A-81FE-D0BCC62637ED}.Release|iPhone.ActiveCfg = Release|iPhone
		{FECF9998-8B19-443A-81FE-D0BCC62637ED}.Release|iPhone.Build.0 = Release|iPhone
		{FECF9998-8B19-443A-81FE-D0BCC62637ED}.Release|iPhone.Deploy.0 = Release|iPhone
		{FECF9998-8B19-443A-81FE-D0BCC62637ED}.Release|iPhoneSimulator.ActiveCfg = Release|iPhoneSimulator
		{FECF9998-8B19-443A-81FE-D0BCC62637ED}.Release|iPhoneSimulator.Build.0 = Release|iPhoneSimulator
		{FECF9998-8B19-443A-81FE-D0BCC62637ED}.Release|iPhoneSimulator.Deploy.0 = Release|iPhoneSimulator
		{FECF9998-8B19-443A-81FE-D0BCC62637ED}.Release|x64.ActiveCfg = Release|iPhone
		{FECF9998-8B19-443A-81FE-D0BCC62637ED}.Release|x64.Build.0 = Release|iPhone
		{FECF9998-8B19-443A-81FE-D0BCC62637ED}.Release|x64.Deploy.0 = Release|iPhone
		{FECF9998-8B19-443A-81FE-D0BCC62637ED}.Release|x86.ActiveCfg = Release|iPhone
		{FECF9998-8B19-443A-81FE-D0BCC62637ED}.Release|x86.Build.0 = Release|iPhone
		{FECF9998-8B19-443A-81FE-D0BCC62637ED}.Release|x86.Deploy.0 = Release|iPhone
		{3D41BF37-EAF6-4643-BB62-2F13C64BCB3C}.Ad-Hoc|Any CPU.ActiveCfg = Release|x86
		{3D41BF37-EAF6-4643-BB62-2F13C64BCB3C}.Ad-Hoc|Any CPU.Build.0 = Release|x86
		{3D41BF37-EAF6-4643-BB62-2F13C64BCB3C}.Ad-Hoc|Any CPU.Deploy.0 = Release|x86
		{3D41BF37-EAF6-4643-BB62-2F13C64BCB3C}.Ad-Hoc|ARM.ActiveCfg = Release|ARM
		{3D41BF37-EAF6-4643-BB62-2F13C64BCB3C}.Ad-Hoc|ARM.Build.0 = Release|ARM
		{3D41BF37-EAF6-4643-BB62-2F13C64BCB3C}.Ad-Hoc|ARM.Deploy.0 = Release|ARM
		{3D41BF37-EAF6-4643-BB62-2F13C64BCB3C}.Ad-Hoc|iPhone.ActiveCfg = Release|x86
		{3D41BF37-EAF6-4643-BB62-2F13C64BCB3C}.Ad-Hoc|iPhone.Build.0 = Release|x86
		{3D41BF37-EAF6-4643-BB62-2F13C64BCB3C}.Ad-Hoc|iPhone.Deploy.0 = Release|x86
		{3D41BF37-EAF6-4643-BB62-2F13C64BCB3C}.Ad-Hoc|iPhoneSimulator.ActiveCfg = Release|x86
		{3D41BF37-EAF6-4643-BB62-2F13C64BCB3C}.Ad-Hoc|iPhoneSimulator.Build.0 = Release|x86
		{3D41BF37-EAF6-4643-BB62-2F13C64BCB3C}.Ad-Hoc|iPhoneSimulator.Deploy.0 = Release|x86
		{3D41BF37-EAF6-4643-BB62-2F13C64BCB3C}.Ad-Hoc|x64.ActiveCfg = Release|x64
		{3D41BF37-EAF6-4643-BB62-2F13C64BCB3C}.Ad-Hoc|x64.Build.0 = Release|x64
		{3D41BF37-EAF6-4643-BB62-2F13C64BCB3C}.Ad-Hoc|x64.Deploy.0 = Release|x64
		{3D41BF37-EAF6-4643-BB62-2F13C64BCB3C}.Ad-Hoc|x86.ActiveCfg = Release|x86
		{3D41BF37-EAF6-4643-BB62-2F13C64BCB3C}.Ad-Hoc|x86.Build.0 = Release|x86
		{3D41BF37-EAF6-4643-BB62-2F13C64BCB3C}.Ad-Hoc|x86.Deploy.0 = Release|x86
		{3D41BF37-EAF6-4643-BB62-2F13C64BCB3C}.AppStore|Any CPU.ActiveCfg = Release|x86
		{3D41BF37-EAF6-4643-BB62-2F13C64BCB3C}.AppStore|Any CPU.Build.0 = Release|x86
		{3D41BF37-EAF6-4643-BB62-2F13C64BCB3C}.AppStore|Any CPU.Deploy.0 = Release|x86
		{3D41BF37-EAF6-4643-BB62-2F13C64BCB3C}.AppStore|ARM.ActiveCfg = Release|ARM
		{3D41BF37-EAF6-4643-BB62-2F13C64BCB3C}.AppStore|ARM.Build.0 = Release|ARM
		{3D41BF37-EAF6-4643-BB62-2F13C64BCB3C}.AppStore|ARM.Deploy.0 = Release|ARM
		{3D41BF37-EAF6-4643-BB62-2F13C64BCB3C}.AppStore|iPhone.ActiveCfg = Release|x86
		{3D41BF37-EAF6-4643-BB62-2F13C64BCB3C}.AppStore|iPhone.Build.0 = Release|x86
		{3D41BF37-EAF6-4643-BB62-2F13C64BCB3C}.AppStore|iPhone.Deploy.0 = Release|x86
		{3D41BF37-EAF6-4643-BB62-2F13C64BCB3C}.AppStore|iPhoneSimulator.ActiveCfg = Release|x86
		{3D41BF37-EAF6-4643-BB62-2F13C64BCB3C}.AppStore|iPhoneSimulator.Build.0 = Release|x86
		{3D41BF37-EAF6-4643-BB62-2F13C64BCB3C}.AppStore|iPhoneSimulator.Deploy.0 = Release|x86
		{3D41BF37-EAF6-4643-BB62-2F13C64BCB3C}.AppStore|x64.ActiveCfg = Release|x64
		{3D41BF37-EAF6-4643-BB62-2F13C64BCB3C}.AppStore|x64.Build.0 = Release|x64
		{3D41BF37-EAF6-4643-BB62-2F13C64BCB3C}.AppStore|x64.Deploy.0 = Release|x64
		{3D41BF37-EAF6-4643-BB62-2F13C64BCB3C}.AppStore|x86.ActiveCfg = Release|x86
		{3D41BF37-EAF6-4643-BB62-2F13C64BCB3C}.AppStore|x86.Build.0 = Release|x86
		{3D41BF37-EAF6-4643-BB62-2F13C64BCB3C}.AppStore|x86.Deploy.0 = Release|x86
		{3D41BF37-EAF6-4643-BB62-2F13C64BCB3C}.Debug|Any CPU.ActiveCfg = Debug|x86
		{3D41BF37-EAF6-4643-BB62-2F13C64BCB3C}.Debug|Any CPU.Build.0 = Debug|x86
		{3D41BF37-EAF6-4643-BB62-2F13C64BCB3C}.Debug|Any CPU.Deploy.0 = Debug|x86
		{3D41BF37-EAF6-4643-BB62-2F13C64BCB3C}.Debug|ARM.ActiveCfg = Debug|ARM
		{3D41BF37-EAF6-4643-BB62-2F13C64BCB3C}.Debug|ARM.Build.0 = Debug|ARM
		{3D41BF37-EAF6-4643-BB62-2F13C64BCB3C}.Debug|ARM.Deploy.0 = Debug|ARM
		{3D41BF37-EAF6-4643-BB62-2F13C64BCB3C}.Debug|iPhone.ActiveCfg = Debug|x86
		{3D41BF37-EAF6-4643-BB62-2F13C64BCB3C}.Debug|iPhone.Build.0 = Debug|x86
		{3D41BF37-EAF6-4643-BB62-2F13C64BCB3C}.Debug|iPhone.Deploy.0 = Debug|x86
		{3D41BF37-EAF6-4643-BB62-2F13C64BCB3C}.Debug|iPhoneSimulator.ActiveCfg = Debug|x86
		{3D41BF37-EAF6-4643-BB62-2F13C64BCB3C}.Debug|iPhoneSimulator.Build.0 = Debug|x86
		{3D41BF37-EAF6-4643-BB62-2F13C64BCB3C}.Debug|iPhoneSimulator.Deploy.0 = Debug|x86
		{3D41BF37-EAF6-4643-BB62-2F13C64BCB3C}.Debug|x64.ActiveCfg = Debug|x64
		{3D41BF37-EAF6-4643-BB62-2F13C64BCB3C}.Debug|x64.Build.0 = Debug|x64
		{3D41BF37-EAF6-4643-BB62-2F13C64BCB3C}.Debug|x64.Deploy.0 = Debug|x64
		{3D41BF37-EAF6-4643-BB62-2F13C64BCB3C}.Debug|x86.ActiveCfg = Debug|x86
		{3D41BF37-EAF6-4643-BB62-2F13C64BCB3C}.Debug|x86.Build.0 = Debug|x86
		{3D41BF37-EAF6-4643-BB62-2F13C64BCB3C}.Debug|x86.Deploy.0 = Debug|x86
		{3D41BF37-EAF6-4643-BB62-2F13C64BCB3C}.Release|Any CPU.ActiveCfg = Release|x86
		{3D41BF37-EAF6-4643-BB62-2F13C64BCB3C}.Release|Any CPU.Build.0 = Release|x86
		{3D41BF37-EAF6-4643-BB62-2F13C64BCB3C}.Release|Any CPU.Deploy.0 = Release|x86
		{3D41BF37-EAF6-4643-BB62-2F13C64BCB3C}.Release|ARM.ActiveCfg = Release|ARM
		{3D41BF37-EAF6-4643-BB62-2F13C64BCB3C}.Release|ARM.Build.0 = Release|ARM
		{3D41BF37-EAF6-4643-BB62-2F13C64BCB3C}.Release|ARM.Deploy.0 = Release|ARM
		{3D41BF37-EAF6-4643-BB62-2F13C64BCB3C}.Release|iPhone.ActiveCfg = Release|x86
		{3D41BF37-EAF6-4643-BB62-2F13C64BCB3C}.Release|iPhone.Build.0 = Release|x86
		{3D41BF37-EAF6-4643-BB62-2F13C64BCB3C}.Release|iPhone.Deploy.0 = Release|x86
		{3D41BF37-EAF6-4643-BB62-2F13C64BCB3C}.Release|iPhoneSimulator.ActiveCfg = Release|x86
		{3D41BF37-EAF6-4643-BB62-2F13C64BCB3C}.Release|iPhoneSimulator.Build.0 = Release|x86
		{3D41BF37-EAF6-4643-BB62-2F13C64BCB3C}.Release|iPhoneSimulator.Deploy.0 = Release|x86
		{3D41BF37-EAF6-4643-BB62-2F13C64BCB3C}.Release|x64.ActiveCfg = Release|x64
		{3D41BF37-EAF6-4643-BB62-2F13C64BCB3C}.Release|x64.Build.0 = Release|x64
		{3D41BF37-EAF6-4643-BB62-2F13C64BCB3C}.Release|x64.Deploy.0 = Release|x64
		{3D41BF37-EAF6-4643-BB62-2F13C64BCB3C}.Release|x86.ActiveCfg = Release|x86
		{3D41BF37-EAF6-4643-BB62-2F13C64BCB3C}.Release|x86.Build.0 = Release|x86
		{3D41BF37-EAF6-4643-BB62-2F13C64BCB3C}.Release|x86.Deploy.0 = Release|x86
		{0882D242-1E69-4262-A676-4D1F21CD1C08}.Ad-Hoc|Any CPU.ActiveCfg = Debug|Any CPU
		{0882D242-1E69-4262-A676-4D1F21CD1C08}.Ad-Hoc|Any CPU.Build.0 = Debug|Any CPU
		{0882D242-1E69-4262-A676-4D1F21CD1C08}.Ad-Hoc|Any CPU.Deploy.0 = Debug|Any CPU
		{0882D242-1E69-4262-A676-4D1F21CD1C08}.Ad-Hoc|ARM.ActiveCfg = Debug|Any CPU
		{0882D242-1E69-4262-A676-4D1F21CD1C08}.Ad-Hoc|ARM.Build.0 = Debug|Any CPU
		{0882D242-1E69-4262-A676-4D1F21CD1C08}.Ad-Hoc|ARM.Deploy.0 = Debug|Any CPU
		{0882D242-1E69-4262-A676-4D1F21CD1C08}.Ad-Hoc|iPhone.ActiveCfg = Debug|Any CPU
		{0882D242-1E69-4262-A676-4D1F21CD1C08}.Ad-Hoc|iPhone.Build.0 = Debug|Any CPU
		{0882D242-1E69-4262-A676-4D1F21CD1C08}.Ad-Hoc|iPhone.Deploy.0 = Debug|Any CPU
		{0882D242-1E69-4262-A676-4D1F21CD1C08}.Ad-Hoc|iPhoneSimulator.ActiveCfg = Debug|Any CPU
		{0882D242-1E69-4262-A676-4D1F21CD1C08}.Ad-Hoc|iPhoneSimulator.Build.0 = Debug|Any CPU
		{0882D242-1E69-4262-A676-4D1F21CD1C08}.Ad-Hoc|iPhoneSimulator.Deploy.0 = Debug|Any CPU
		{0882D242-1E69-4262-A676-4D1F21CD1C08}.Ad-Hoc|x64.ActiveCfg = Debug|Any CPU
		{0882D242-1E69-4262-A676-4D1F21CD1C08}.Ad-Hoc|x64.Build.0 = Debug|Any CPU
		{0882D242-1E69-4262-A676-4D1F21CD1C08}.Ad-Hoc|x64.Deploy.0 = Debug|Any CPU
		{0882D242-1E69-4262-A676-4D1F21CD1C08}.Ad-Hoc|x86.ActiveCfg = Debug|Any CPU
		{0882D242-1E69-4262-A676-4D1F21CD1C08}.Ad-Hoc|x86.Build.0 = Debug|Any CPU
		{0882D242-1E69-4262-A676-4D1F21CD1C08}.Ad-Hoc|x86.Deploy.0 = Debug|Any CPU
		{0882D242-1E69-4262-A676-4D1F21CD1C08}.AppStore|Any CPU.ActiveCfg = Debug|Any CPU
		{0882D242-1E69-4262-A676-4D1F21CD1C08}.AppStore|Any CPU.Build.0 = Debug|Any CPU
		{0882D242-1E69-4262-A676-4D1F21CD1C08}.AppStore|Any CPU.Deploy.0 = Debug|Any CPU
		{0882D242-1E69-4262-A676-4D1F21CD1C08}.AppStore|ARM.ActiveCfg = Debug|Any CPU
		{0882D242-1E69-4262-A676-4D1F21CD1C08}.AppStore|ARM.Build.0 = Debug|Any CPU
		{0882D242-1E69-4262-A676-4D1F21CD1C08}.AppStore|ARM.Deploy.0 = Debug|Any CPU
		{0882D242-1E69-4262-A676-4D1F21CD1C08}.AppStore|iPhone.ActiveCfg = Debug|Any CPU
		{0882D242-1E69-4262-A676-4D1F21CD1C08}.AppStore|iPhone.Build.0 = Debug|Any CPU
		{0882D242-1E69-4262-A676-4D1F21CD1C08}.AppStore|iPhone.Deploy.0 = Debug|Any CPU
		{0882D242-1E69-4262-A676-4D1F21CD1C08}.AppStore|iPhoneSimulator.ActiveCfg = Debug|Any CPU
		{0882D242-1E69-4262-A676-4D1F21CD1C08}.AppStore|iPhoneSimulator.Build.0 = Debug|Any CPU
		{0882D242-1E69-4262-A676-4D1F21CD1C08}.AppStore|iPhoneSimulator.Deploy.0 = Debug|Any CPU
		{0882D242-1E69-4262-A676-4D1F21CD1C08}.AppStore|x64.ActiveCfg = Debug|Any CPU
		{0882D242-1E69-4262-A676-4D1F21CD1C08}.AppStore|x64.Build.0 = Debug|Any CPU
		{0882D242-1E69-4262-A676-4D1F21CD1C08}.AppStore|x64.Deploy.0 = Debug|Any CPU
		{0882D242-1E69-4262-A676-4D1F21CD1C08}.AppStore|x86.ActiveCfg = Debug|Any CPU
		{0882D242-1E69-4262-A676-4D1F21CD1C08}.AppStore|x86.Build.0 = Debug|Any CPU
		{0882D242-1E69-4262-A676-4D1F21CD1C08}.AppStore|x86.Deploy.0 = Debug|Any CPU
		{0882D242-1E69-4262-A676-4D1F21CD1C08}.Debug|Any CPU.ActiveCfg = Debug|Any CPU
		{0882D242-1E69-4262-A676-4D1F21CD1C08}.Debug|Any CPU.Build.0 = Debug|Any CPU
		{0882D242-1E69-4262-A676-4D1F21CD1C08}.Debug|Any CPU.Deploy.0 = Debug|Any CPU
		{0882D242-1E69-4262-A676-4D1F21CD1C08}.Debug|ARM.ActiveCfg = Debug|Any CPU
		{0882D242-1E69-4262-A676-4D1F21CD1C08}.Debug|ARM.Build.0 = Debug|Any CPU
		{0882D242-1E69-4262-A676-4D1F21CD1C08}.Debug|ARM.Deploy.0 = Debug|Any CPU
		{0882D242-1E69-4262-A676-4D1F21CD1C08}.Debug|iPhone.ActiveCfg = Debug|Any CPU
		{0882D242-1E69-4262-A676-4D1F21CD1C08}.Debug|iPhone.Build.0 = Debug|Any CPU
		{0882D242-1E69-4262-A676-4D1F21CD1C08}.Debug|iPhone.Deploy.0 = Debug|Any CPU
		{0882D242-1E69-4262-A676-4D1F21CD1C08}.Debug|iPhoneSimulator.ActiveCfg = Debug|Any CPU
		{0882D242-1E69-4262-A676-4D1F21CD1C08}.Debug|iPhoneSimulator.Build.0 = Debug|Any CPU
		{0882D242-1E69-4262-A676-4D1F21CD1C08}.Debug|iPhoneSimulator.Deploy.0 = Debug|Any CPU
		{0882D242-1E69-4262-A676-4D1F21CD1C08}.Debug|x64.ActiveCfg = Debug|Any CPU
		{0882D242-1E69-4262-A676-4D1F21CD1C08}.Debug|x64.Build.0 = Debug|Any CPU
		{0882D242-1E69-4262-A676-4D1F21CD1C08}.Debug|x64.Deploy.0 = Debug|Any CPU
		{0882D242-1E69-4262-A676-4D1F21CD1C08}.Debug|x86.ActiveCfg = Debug|Any CPU
		{0882D242-1E69-4262-A676-4D1F21CD1C08}.Debug|x86.Build.0 = Debug|Any CPU
		{0882D242-1E69-4262-A676-4D1F21CD1C08}.Debug|x86.Deploy.0 = Debug|Any CPU
		{0882D242-1E69-4262-A676-4D1F21CD1C08}.Release|Any CPU.ActiveCfg = Release|Any CPU
		{0882D242-1E69-4262-A676-4D1F21CD1C08}.Release|Any CPU.Build.0 = Release|Any CPU
		{0882D242-1E69-4262-A676-4D1F21CD1C08}.Release|Any CPU.Deploy.0 = Release|Any CPU
		{0882D242-1E69-4262-A676-4D1F21CD1C08}.Release|ARM.ActiveCfg = Release|Any CPU
		{0882D242-1E69-4262-A676-4D1F21CD1C08}.Release|ARM.Build.0 = Release|Any CPU
		{0882D242-1E69-4262-A676-4D1F21CD1C08}.Release|ARM.Deploy.0 = Release|Any CPU
		{0882D242-1E69-4262-A676-4D1F21CD1C08}.Release|iPhone.ActiveCfg = Release|Any CPU
		{0882D242-1E69-4262-A676-4D1F21CD1C08}.Release|iPhone.Build.0 = Release|Any CPU
		{0882D242-1E69-4262-A676-4D1F21CD1C08}.Release|iPhone.Deploy.0 = Release|Any CPU
		{0882D242-1E69-4262-A676-4D1F21CD1C08}.Release|iPhoneSimulator.ActiveCfg = Release|Any CPU
		{0882D242-1E69-4262-A676-4D1F21CD1C08}.Release|iPhoneSimulator.Build.0 = Release|Any CPU
		{0882D242-1E69-4262-A676-4D1F21CD1C08}.Release|iPhoneSimulator.Deploy.0 = Release|Any CPU
		{0882D242-1E69-4262-A676-4D1F21CD1C08}.Release|x64.ActiveCfg = Release|Any CPU
		{0882D242-1E69-4262-A676-4D1F21CD1C08}.Release|x64.Build.0 = Release|Any CPU
		{0882D242-1E69-4262-A676-4D1F21CD1C08}.Release|x64.Deploy.0 = Release|Any CPU
		{0882D242-1E69-4262-A676-4D1F21CD1C08}.Release|x86.ActiveCfg = Release|Any CPU
		{0882D242-1E69-4262-A676-4D1F21CD1C08}.Release|x86.Build.0 = Release|Any CPU
		{0882D242-1E69-4262-A676-4D1F21CD1C08}.Release|x86.Deploy.0 = Release|Any CPU
	EndGlobalSection
	GlobalSection(SolutionProperties) = preSolution
		HideSolutionNode = FALSE
	EndGlobalSection
	GlobalSection(ExtensibilityGlobals) = postSolution
		SolutionGuid = {ADE54860-F1EC-4EF6-B982-9A426308ECFE}
	EndGlobalSection
EndGlobal
